
Microsoft Visual Studio Solution File, Format Version 12.00
# Visual Studio 14
VisualStudioVersion = 14.0.25420.1
MinimumVisualStudioVersion = 10.0.40219.1
Project("{8BC9CEB8-8B4A-11D0-8D11-00A0C91BC942}") = "AmigaCopper", "AmigaCopper\AmigaCopper.vcxproj", "{00AD949F-82C6-4860-ACA3-23E16AE38694}"
EndProject
Global
	GlobalSection(SolutionConfigurationPlatforms) = preSolution
		Debug|Win32 = Debug|Win32
		Release|Win32 = Release|Win32
	EndGlobalSection
	GlobalSection(ProjectConfigurationPlatforms) = postSolution
		{00AD949F-82C6-4860-ACA3-23E16AE38694}.Debug|Win32.ActiveCfg = Debug|Win32
		{00AD949F-82C6-4860-ACA3-23E16AE38694}.Debug|Win32.Build.0 = Debug|Win32
		{00AD949F-82C6-4860-ACA3-23E16AE38694}.Release|Win32.ActiveCfg = Release|Win32
		{00AD949F-82C6-4860-ACA3-23E16AE38694}.Release|Win32.Build.0 = Release|Win32
	EndGlobalSection
	GlobalSection(SolutionProperties) = preSolution
		HideSolutionNode = FALSE
	EndGlobalSection
EndGlobal
